
Microsoft Visual Studio Solution File, Format Version 12.00
# Visual Studio 15
VisualStudioVersion = 15.0.27703.2000
MinimumVisualStudioVersion = 10.0.40219.1
Project("{FAE04EC0-301F-11D3-BF4B-00C04F79EFBC}") = "Bunifu", "Bunifu\Bunifu.csproj", "{F3C4C87A-3147-46BC-A40C-C54AF4A49B73}"
EndProject
Global
	GlobalSection(SolutionConfigurationPlatforms) = preSolution
		Debug|Any CPU = Debug|Any CPU
		Release|Any CPU = Release|Any CPU
	EndGlobalSection
	GlobalSection(ProjectConfigurationPlatforms) = postSolution
		{F3C4C87A-3147-46BC-A40C-C54AF4A49B73}.Debug|Any CPU.ActiveCfg = Debug|Any CPU
		{F3C4C87A-3147-46BC-A40C-C54AF4A49B73}.Debug|Any CPU.Build.0 = Debug|Any CPU
		{F3C4C87A-3147-46BC-A40C-C54AF4A49B73}.Release|Any CPU.ActiveCfg = Release|Any CPU
		{F3C4C87A-3147-46BC-A40C-C54AF4A49B73}.Release|Any CPU.Build.0 = Release|Any CPU
	EndGlobalSection
	GlobalSection(SolutionProperties) = preSolution
		HideSolutionNode = FALSE
	EndGlobalSection
	GlobalSection(ExtensibilityGlobals) = postSolution
		SolutionGuid = {36A192BB-BE88-4F1C-B145-296444880AA4}
	EndGlobalSection
EndGlobal
